
Microsoft Visual Studio Solution File, Format Version 12.00
# Visual Studio Version 16
VisualStudioVersion = 16.6.30114.105
MinimumVisualStudioVersion = 10.0.40219.1
Project("{FAE04EC0-301F-11D3-BF4B-00C04F79EFBC}") = "PizzaBox.Client", "PizzaBox.Client\PizzaBox.Client.csproj", "{8A7C4584-D9BB-4722-ADF5-250DC1F94643}"
EndProject
Project("{FAE04EC0-301F-11D3-BF4B-00C04F79EFBC}") = "PizzaBox.Domain", "PizzaBox.Domain\PizzaBox.Domain.csproj", "{69D17FC4-1192-404E-941A-A1F904B0CFD8}"
EndProject
Project("{FAE04EC0-301F-11D3-BF4B-00C04F79EFBC}") = "PizzaBox.Testing", "PizzaBox.Testing\PizzaBox.Testing.csproj", "{9BCF86F5-B732-42FF-BB4C-8CE9D3A39C0E}"
EndProject
Project("{FAE04EC0-301F-11D3-BF4B-00C04F79EFBC}") = "PizzaBox.Storing", "PizzaBox.Storing\PizzaBox.Storing.csproj", "{967B7951-2EDF-49A3-86C1-2700BCC1EDB0}"
EndProject
Global
	GlobalSection(SolutionConfigurationPlatforms) = preSolution
		Debug|Any CPU = Debug|Any CPU
		Debug|x64 = Debug|x64
		Debug|x86 = Debug|x86
		Release|Any CPU = Release|Any CPU
		Release|x64 = Release|x64
		Release|x86 = Release|x86
	EndGlobalSection
	GlobalSection(SolutionProperties) = preSolution
		HideSolutionNode = FALSE
	EndGlobalSection
	GlobalSection(ProjectConfigurationPlatforms) = postSolution
		{8A7C4584-D9BB-4722-ADF5-250DC1F94643}.Debug|Any CPU.ActiveCfg = Debug|Any CPU
		{8A7C4584-D9BB-4722-ADF5-250DC1F94643}.Debug|Any CPU.Build.0 = Debug|Any CPU
		{8A7C4584-D9BB-4722-ADF5-250DC1F94643}.Debug|x64.ActiveCfg = Debug|Any CPU
		{8A7C4584-D9BB-4722-ADF5-250DC1F94643}.Debug|x64.Build.0 = Debug|Any CPU
		{8A7C4584-D9BB-4722-ADF5-250DC1F94643}.Debug|x86.ActiveCfg = Debug|Any CPU
		{8A7C4584-D9BB-4722-ADF5-250DC1F94643}.Debug|x86.Build.0 = Debug|Any CPU
		{8A7C4584-D9BB-4722-ADF5-250DC1F94643}.Release|Any CPU.ActiveCfg = Release|Any CPU
		{8A7C4584-D9BB-4722-ADF5-250DC1F94643}.Release|Any CPU.Build.0 = Release|Any CPU
		{8A7C4584-D9BB-4722-ADF5-250DC1F94643}.Release|x64.ActiveCfg = Release|Any CPU
		{8A7C4584-D9BB-4722-ADF5-250DC1F94643}.Release|x64.Build.0 = Release|Any CPU
		{8A7C4584-D9BB-4722-ADF5-250DC1F94643}.Release|x86.ActiveCfg = Release|Any CPU
		{8A7C4584-D9BB-4722-ADF5-250DC1F94643}.Release|x86.Build.0 = Release|Any CPU
		{69D17FC4-1192-404E-941A-A1F904B0CFD8}.Debug|Any CPU.ActiveCfg = Debug|Any CPU
		{69D17FC4-1192-404E-941A-A1F904B0CFD8}.Debug|Any CPU.Build.0 = Debug|Any CPU
		{69D17FC4-1192-404E-941A-A1F904B0CFD8}.Debug|x64.ActiveCfg = Debug|Any CPU
		{69D17FC4-1192-404E-941A-A1F904B0CFD8}.Debug|x64.Build.0 = Debug|Any CPU
		{69D17FC4-1192-404E-941A-A1F904B0CFD8}.Debug|x86.ActiveCfg = Debug|Any CPU
		{69D17FC4-1192-404E-941A-A1F904B0CFD8}.Debug|x86.Build.0 = Debug|Any CPU
		{69D17FC4-1192-404E-941A-A1F904B0CFD8}.Release|Any CPU.ActiveCfg = Release|Any CPU
		{69D17FC4-1192-404E-941A-A1F904B0CFD8}.Release|Any CPU.Build.0 = Release|Any CPU
		{69D17FC4-1192-404E-941A-A1F904B0CFD8}.Release|x64.ActiveCfg = Release|Any CPU
		{69D17FC4-1192-404E-941A-A1F904B0CFD8}.Release|x64.Build.0 = Release|Any CPU
		{69D17FC4-1192-404E-941A-A1F904B0CFD8}.Release|x86.ActiveCfg = Release|Any CPU
		{69D17FC4-1192-404E-941A-A1F904B0CFD8}.Release|x86.Build.0 = Release|Any CPU
		{9BCF86F5-B732-42FF-BB4C-8CE9D3A39C0E}.Debug|Any CPU.ActiveCfg = Debug|Any CPU
		{9BCF86F5-B732-42FF-BB4C-8CE9D3A39C0E}.Debug|Any CPU.Build.0 = Debug|Any CPU
		{9BCF86F5-B732-42FF-BB4C-8CE9D3A39C0E}.Debug|x64.ActiveCfg = Debug|Any CPU
		{9BCF86F5-B732-42FF-BB4C-8CE9D3A39C0E}.Debug|x64.Build.0 = Debug|Any CPU
		{9BCF86F5-B732-42FF-BB4C-8CE9D3A39C0E}.Debug|x86.ActiveCfg = Debug|Any CPU
		{9BCF86F5-B732-42FF-BB4C-8CE9D3A39C0E}.Debug|x86.Build.0 = Debug|Any CPU
		{9BCF86F5-B732-42FF-BB4C-8CE9D3A39C0E}.Release|Any CPU.ActiveCfg = Release|Any CPU
		{9BCF86F5-B732-42FF-BB4C-8CE9D3A39C0E}.Release|Any CPU.Build.0 = Release|Any CPU
		{9BCF86F5-B732-42FF-BB4C-8CE9D3A39C0E}.Release|x64.ActiveCfg = Release|Any CPU
		{9BCF86F5-B732-42FF-BB4C-8CE9D3A39C0E}.Release|x64.Build.0 = Release|Any CPU
		{9BCF86F5-B732-42FF-BB4C-8CE9D3A39C0E}.Release|x86.ActiveCfg = Release|Any CPU
		{9BCF86F5-B732-42FF-BB4C-8CE9D3A39C0E}.Release|x86.Build.0 = Release|Any CPU
		{967B7951-2EDF-49A3-86C1-2700BCC1EDB0}.Debug|Any CPU.ActiveCfg = Debug|Any CPU
		{967B7951-2EDF-49A3-86C1-2700BCC1EDB0}.Debug|Any CPU.Build.0 = Debug|Any CPU
		{967B7951-2EDF-49A3-86C1-2700BCC1EDB0}.Debug|x64.ActiveCfg = Debug|Any CPU
		{967B7951-2EDF-49A3-86C1-2700BCC1EDB0}.Debug|x64.Build.0 = Debug|Any CPU
		{967B7951-2EDF-49A3-86C1-2700BCC1EDB0}.Debug|x86.ActiveCfg = Debug|Any CPU
		{967B7951-2EDF-49A3-86C1-2700BCC1EDB0}.Debug|x86.Build.0 = Debug|Any CPU
		{967B7951-2EDF-49A3-86C1-2700BCC1EDB0}.Release|Any CPU.ActiveCfg = Release|Any CPU
		{967B7951-2EDF-49A3-86C1-2700BCC1EDB0}.Release|Any CPU.Build.0 = Release|Any CPU
		{967B7951-2EDF-49A3-86C1-2700BCC1EDB0}.Release|x64.ActiveCfg = Release|Any CPU
		{967B7951-2EDF-49A3-86C1-2700BCC1EDB0}.Release|x64.Build.0 = Release|Any CPU
		{967B7951-2EDF-49A3-86C1-2700BCC1EDB0}.Release|x86.ActiveCfg = Release|Any CPU
		{967B7951-2EDF-49A3-86C1-2700BCC1EDB0}.Release|x86.Build.0 = Release|Any CPU
	EndGlobalSection
EndGlobal
